{
  "version": 4,
  "terraform_version": "1.8.1",
  "serial": 30,
  "lineage": "a0166bc7-44b9-6cf9-22b8-91af5cb60ad5",
  "outputs": {
    "athena_customer_database_name": {
      "value": "sekartestapigw",
      "type": "string"
    },
    "athena_customer_table_name": {
      "value": "sekartestapigw",
      "type": "string"
    },
    "customer_s3_bucket_name": {
      "value": "sekartestapigw",
      "type": "string"
    }
  },
  "resources": [
    {
      "mode": "data",
      "type": "archive_file",
      "name": "lambda_zip",
      "provider": "provider[\"registry.terraform.io/hashicorp/archive\"]",
      "instances": [
        {
          "schema_version": 0,
          "attributes": {
            "exclude_symlink_directories": null,
            "excludes": null,
            "id": "eafd82aad207aa3cc5be95fd97a806d6e7fa1060",
            "output_base64sha256": "fDInEwvbJb56kvR8zTxzIis4BgQFOGzxJPjis41QHME=",
            "output_base64sha512": "7FmNFtZijrxaXxECAfWoBbdzNDbeIdcah/icK/fsdYeaMRKE/seGOzvnLhiFdWcE6WMVTrCbjxd+7fo0/FSuxw==",
            "output_file_mode": null,
            "output_md5": "d795c3878273fa33ffaabdd2e522648d",
            "output_path": "./lambda.zip",
            "output_sha": "eafd82aad207aa3cc5be95fd97a806d6e7fa1060",
            "output_sha256": "7c3227130bdb25be7a92f47ccd3c73222b38060405386cf124f8e2b38d501cc1",
            "output_sha512": "ec598d16d6628ebc5a5f110201f5a805b7733436de21d71a87f89c2bf7ec75879a311284fec7863b3be72e1885756704e963154eb09b8f177eedfa34fc54aec7",
            "output_size": 1261,
            "source": [],
            "source_content": null,
            "source_content_filename": null,
            "source_dir": "../lambda-api-endpoint",
            "source_file": null,
            "type": "zip"
          },
          "sensitive_attributes": []
        }
      ]
    },
    {
      "mode": "managed",
      "type": "aws_api_gateway_method",
      "name": "customer_method",
      "provider": "provider[\"registry.terraform.io/hashicorp/aws\"]",
      "instances": [
        {
          "schema_version": 0,
          "attributes": {
            "api_key_required": false,
            "authorization": "NONE",
            "authorization_scopes": [],
            "authorizer_id": "",
            "http_method": "POST",
            "id": "agm-vf8hpb0bg1-9dp90e-POST",
            "operation_name": "",
            "request_models": {},
            "request_parameters": {},
            "request_validator_id": "",
            "resource_id": "9dp90e",
            "rest_api_id": "vf8hpb0bg1"
          },
          "sensitive_attributes": [],
          "private": "bnVsbA==",
          "dependencies": [
            "aws_api_gateway_resource.customer_resource",
            "aws_api_gateway_rest_api.customer_api"
          ]
        }
      ]
    },
    {
      "mode": "managed",
      "type": "aws_api_gateway_method_response",
      "name": "api_gw_200_response",
      "provider": "provider[\"registry.terraform.io/hashicorp/aws\"]",
      "instances": [
        {
          "schema_version": 0,
          "attributes": {
            "http_method": "POST",
            "id": "agmr-vf8hpb0bg1-9dp90e-POST-200",
            "resource_id": "9dp90e",
            "response_models": {},
            "response_parameters": {},
            "rest_api_id": "vf8hpb0bg1",
            "status_code": "200"
          },
          "sensitive_attributes": [],
          "private": "bnVsbA==",
          "dependencies": [
            "aws_api_gateway_integration.lambda_integration",
            "aws_api_gateway_method.customer_method",
            "aws_api_gateway_resource.customer_resource",
            "aws_api_gateway_rest_api.customer_api",
            "aws_iam_role.lambda_role",
            "aws_lambda_function.customer_lambda"
          ]
        }
      ]
    },
    {
      "mode": "managed",
      "type": "aws_api_gateway_resource",
      "name": "customer_resource",
      "provider": "provider[\"registry.terraform.io/hashicorp/aws\"]",
      "instances": [
        {
          "schema_version": 0,
          "attributes": {
            "id": "9dp90e",
            "parent_id": "xdl8kmobvl",
            "path": "/customer",
            "path_part": "customer",
            "rest_api_id": "vf8hpb0bg1"
          },
          "sensitive_attributes": [],
          "private": "bnVsbA==",
          "dependencies": [
            "aws_api_gateway_rest_api.customer_api"
          ]
        }
      ]
    },
    {
      "mode": "managed",
      "type": "aws_api_gateway_rest_api",
      "name": "customer_api",
      "provider": "provider[\"registry.terraform.io/hashicorp/aws\"]",
      "instances": [
        {
          "schema_version": 0,
          "attributes": {
            "api_key_source": "HEADER",
            "arn": "arn:aws:apigateway:us-west-2::/restapis/vf8hpb0bg1",
            "binary_media_types": [],
            "body": null,
            "created_date": "2024-04-21T20:30:04Z",
            "description": "REST API for customer endpoint",
            "disable_execute_api_endpoint": false,
            "endpoint_configuration": [
              {
                "types": [
                  "EDGE"
                ],
                "vpc_endpoint_ids": []
              }
            ],
            "execution_arn": "arn:aws:execute-api:us-west-2:828652014686:vf8hpb0bg1",
            "fail_on_warnings": null,
            "id": "vf8hpb0bg1",
            "minimum_compression_size": "",
            "name": "sekartestapigw",
            "parameters": null,
            "policy": "",
            "put_rest_api_mode": null,
            "root_resource_id": "xdl8kmobvl",
            "tags": {},
            "tags_all": {}
          },
          "sensitive_attributes": [],
          "private": "bnVsbA=="
        }
      ]
    },
    {
      "mode": "managed",
      "type": "aws_glue_catalog_database",
      "name": "customer_glue_db",
      "provider": "provider[\"registry.terraform.io/hashicorp/aws\"]",
      "instances": [
        {
          "schema_version": 0,
          "attributes": {
            "arn": "arn:aws:glue:us-west-2:828652014686:database/sekartestapigw",
            "catalog_id": "828652014686",
            "create_table_default_permission": [
              {
                "permissions": [
                  "ALL"
                ],
                "principal": [
                  {
                    "data_lake_principal_identifier": "IAM_ALLOWED_PRINCIPALS"
                  }
                ]
              }
            ],
            "description": "",
            "federated_database": [],
            "id": "828652014686:sekartestapigw",
            "location_uri": "",
            "name": "sekartestapigw",
            "parameters": null,
            "tags": null,
            "tags_all": {},
            "target_database": []
          },
          "sensitive_attributes": [],
          "private": "bnVsbA=="
        }
      ]
    },
    {
      "mode": "managed",
      "type": "aws_glue_catalog_table",
      "name": "customer_table",
      "provider": "provider[\"registry.terraform.io/hashicorp/aws\"]",
      "instances": [
        {
          "schema_version": 0,
          "attributes": {
            "arn": "arn:aws:glue:us-west-2:828652014686:table/sekartestapigw/sekartestapigw",
            "catalog_id": "828652014686",
            "database_name": "sekartestapigw",
            "description": "",
            "id": "828652014686:sekartestapigw:sekartestapigw",
            "name": "sekartestapigw",
            "open_table_format_input": [],
            "owner": "",
            "parameters": null,
            "partition_index": null,
            "partition_keys": [
              {
                "comment": "",
                "name": "created_at",
                "type": "timestamp"
              }
            ],
            "retention": 0,
            "storage_descriptor": [
              {
                "bucket_columns": null,
                "columns": [
                  {
                    "comment": "",
                    "name": "customer_id",
                    "parameters": null,
                    "type": "string"
                  },
                  {
                    "comment": "",
                    "name": "first_name",
                    "parameters": null,
                    "type": "string"
                  },
                  {
                    "comment": "",
                    "name": "last_name",
                    "parameters": null,
                    "type": "string"
                  },
                  {
                    "comment": "",
                    "name": "email",
                    "parameters": null,
                    "type": "string"
                  },
                  {
                    "comment": "",
                    "name": "phone_number",
                    "parameters": null,
                    "type": "string"
                  },
                  {
                    "comment": "",
                    "name": "address",
                    "parameters": null,
                    "type": "string"
                  },
                  {
                    "comment": "",
                    "name": "city",
                    "parameters": null,
                    "type": "string"
                  },
                  {
                    "comment": "",
                    "name": "state",
                    "parameters": null,
                    "type": "string"
                  },
                  {
                    "comment": "",
                    "name": "zipcode",
                    "parameters": null,
                    "type": "string"
                  },
                  {
                    "comment": "",
                    "name": "country",
                    "parameters": null,
                    "type": "string"
                  },
                  {
                    "comment": "",
                    "name": "created_at",
                    "parameters": null,
                    "type": "timestamp"
                  }
                ],
                "compressed": false,
                "input_format": "org.apache.hadoop.mapred.TextInputFormat",
                "location": "sekartestapigw.s3.amazonaws.com",
                "number_of_buckets": 0,
                "output_format": "org.apache.hadoop.hive.ql.io.HiveIgnoreKeyTextOutputFormat",
                "parameters": null,
                "schema_reference": [],
                "ser_de_info": [
                  {
                    "name": "customer",
                    "parameters": {
                      "serialization.format": "1"
                    },
                    "serialization_library": "org.apache.hadoop.hive.serde2.lazy.LazySimpleSerDe"
                  }
                ],
                "skewed_info": [],
                "sort_columns": [],
                "stored_as_sub_directories": false
              }
            ],
            "table_type": "EXTERNAL_TABLE",
            "target_table": [],
            "view_expanded_text": "",
            "view_original_text": ""
          },
          "sensitive_attributes": [],
          "private": "bnVsbA==",
          "dependencies": [
            "aws_glue_catalog_database.customer_glue_db",
            "aws_s3_bucket.customer_bucket"
          ]
        }
      ]
    },
    {
      "mode": "managed",
      "type": "aws_iam_role",
      "name": "lambda_role",
      "provider": "provider[\"registry.terraform.io/hashicorp/aws\"]",
      "instances": [
        {
          "schema_version": 0,
          "attributes": {
            "arn": "arn:aws:iam::828652014686:role/lambda_role",
            "assume_role_policy": "{\"Statement\":[{\"Action\":\"sts:AssumeRole\",\"Effect\":\"Allow\",\"Principal\":{\"Service\":\"lambda.amazonaws.com\"},\"Sid\":\"\"}],\"Version\":\"2012-10-17\"}",
            "create_date": "2024-04-21T20:30:03Z",
            "description": "",
            "force_detach_policies": false,
            "id": "lambda_role",
            "inline_policy": [],
            "managed_policy_arns": [],
            "max_session_duration": 3600,
            "name": "lambda_role",
            "name_prefix": "",
            "path": "/",
            "permissions_boundary": "",
            "tags": {},
            "tags_all": {},
            "unique_id": "AROA4B34CJRPEVZOORZJB"
          },
          "sensitive_attributes": [],
          "private": "bnVsbA=="
        }
      ]
    },
    {
      "mode": "managed",
      "type": "aws_s3_bucket",
      "name": "customer_bucket",
      "provider": "provider[\"registry.terraform.io/hashicorp/aws\"]",
      "instances": [
        {
          "schema_version": 0,
          "attributes": {
            "acceleration_status": "",
            "acl": "private",
            "arn": "arn:aws:s3:::sekartestapigw",
            "bucket": "sekartestapigw",
            "bucket_domain_name": "sekartestapigw.s3.amazonaws.com",
            "bucket_prefix": "",
            "bucket_regional_domain_name": "sekartestapigw.s3.us-west-2.amazonaws.com",
            "cors_rule": [],
            "force_destroy": false,
            "grant": [
              {
                "id": "756430215bf6767d10d63901aab1794183982289dd8dc0ff726472787053548a",
                "permissions": [
                  "FULL_CONTROL"
                ],
                "type": "CanonicalUser",
                "uri": ""
              }
            ],
            "hosted_zone_id": "Z3BJ6K6RIION7M",
            "id": "sekartestapigw",
            "lifecycle_rule": [],
            "logging": [],
            "object_lock_configuration": [],
            "object_lock_enabled": false,
            "policy": "",
            "region": "us-west-2",
            "replication_configuration": [],
            "request_payer": "BucketOwner",
            "server_side_encryption_configuration": [
              {
                "rule": [
                  {
                    "apply_server_side_encryption_by_default": [
                      {
                        "kms_master_key_id": "",
                        "sse_algorithm": "AES256"
                      }
                    ],
                    "bucket_key_enabled": false
                  }
                ]
              }
            ],
            "tags": {},
            "tags_all": {},
            "timeouts": null,
            "versioning": [
              {
                "enabled": false,
                "mfa_delete": false
              }
            ],
            "website": [],
            "website_domain": null,
            "website_endpoint": null
          },
          "sensitive_attributes": [],
          "private": "eyJlMmJmYjczMC1lY2FhLTExZTYtOGY4OC0zNDM2M2JjN2M0YzAiOnsiY3JlYXRlIjoxMjAwMDAwMDAwMDAwLCJkZWxldGUiOjM2MDAwMDAwMDAwMDAsInJlYWQiOjEyMDAwMDAwMDAwMDAsInVwZGF0ZSI6MTIwMDAwMDAwMDAwMH19"
        }
      ]
    }
  ],
  "check_results": null
}
